
Microsoft Visual Studio Solution File, Format Version 12.00
# Visual Studio 2017
Project("{FAE04EC0-301F-11D3-BF4B-00C04F79EFBC}") = "Disseny-de-nivells", "Disseny-de-nivells.csproj", "{FEE3F017-8367-C772-E566-22636590D9DC}"
EndProject
Global
	GlobalSection(SolutionConfigurationPlatforms) = preSolution
		Debug|Any CPU = Debug|Any CPU
		Release|Any CPU = Release|Any CPU
	EndGlobalSection
	GlobalSection(ProjectConfigurationPlatforms) = postSolution
		{FEE3F017-8367-C772-E566-22636590D9DC}.Debug|Any CPU.ActiveCfg = Debug|Any CPU
		{FEE3F017-8367-C772-E566-22636590D9DC}.Debug|Any CPU.Build.0 = Debug|Any CPU
		{FEE3F017-8367-C772-E566-22636590D9DC}.Release|Any CPU.ActiveCfg = Release|Any CPU
		{FEE3F017-8367-C772-E566-22636590D9DC}.Release|Any CPU.Build.0 = Release|Any CPU
	EndGlobalSection
	GlobalSection(SolutionProperties) = preSolution
		HideSolutionNode = FALSE
	EndGlobalSection
EndGlobal
